// !$*UTF8*$!
{
	archiveVersion = 1;
	classes = {
	};
	objectVersion = 50;
	objects = {

/* Begin PBXBuildFile section */
		3022D6C320FC001B005BF1C3 /* AppDelegate.swift in Sources */ = {isa = PBXBuildFile; fileRef = 3022D6C220FC001B005BF1C3 /* AppDelegate.swift */; };
		3022D6C520FC001B005BF1C3 /* EmojiViewController.swift in Sources */ = {isa = PBXBuildFile; fileRef = 3022D6C420FC001B005BF1C3 /* EmojiViewController.swift */; };
		3022D6C820FC001B005BF1C3 /* Main.storyboard in Resources */ = {isa = PBXBuildFile; fileRef = 3022D6C620FC001B005BF1C3 /* Main.storyboard */; };
		3022D6CA20FC001D005BF1C3 /* Assets.xcassets in Resources */ = {isa = PBXBuildFile; fileRef = 3022D6C920FC001D005BF1C3 /* Assets.xcassets */; };
		3022D6CD20FC001D005BF1C3 /* LaunchScreen.storyboard in Resources */ = {isa = PBXBuildFile; fileRef = 3022D6CB20FC001D005BF1C3 /* LaunchScreen.storyboard */; };
		3050094C2106B900007573CC /* DataStore.swift in Sources */ = {isa = PBXBuildFile; fileRef = 3050094B2106B900007573CC /* DataStore.swift */; };
		3050094E2106B934007573CC /* EmojiRating.swift in Sources */ = {isa = PBXBuildFile; fileRef = 3050094D2106B934007573CC /* EmojiRating.swift */; };
		305009502106B9BB007573CC /* EmojiViewCell.swift in Sources */ = {isa = PBXBuildFile; fileRef = 3050094F2106B9BB007573CC /* EmojiViewCell.swift */; };
		305009522106BA30007573CC /* RatingOverlayView.swift in Sources */ = {isa = PBXBuildFile; fileRef = 305009512106BA30007573CC /* RatingOverlayView.swift */; };
/* End PBXBuildFile section */

/* Begin PBXFileReference section */
		3022D6BF20FC001B005BF1C3 /* EmojiRater.app */ = {isa = PBXFileReference; explicitFileType = wrapper.application; includeInIndex = 0; path = EmojiRater.app; sourceTree = BUILT_PRODUCTS_DIR; };
		3022D6C220FC001B005BF1C3 /* AppDelegate.swift */ = {isa = PBXFileReference; lastKnownFileType = sourcecode.swift; path = AppDelegate.swift; sourceTree = "<group>"; };
		3022D6C420FC001B005BF1C3 /* EmojiViewController.swift */ = {isa = PBXFileReference; lastKnownFileType = sourcecode.swift; path = EmojiViewController.swift; sourceTree = "<group>"; };
		3022D6C720FC001B005BF1C3 /* Base */ = {isa = PBXFileReference; lastKnownFileType = file.storyboard; name = Base; path = Base.lproj/Main.storyboard; sourceTree = "<group>"; };
		3022D6C920FC001D005BF1C3 /* Assets.xcassets */ = {isa = PBXFileReference; lastKnownFileType = folder.assetcatalog; path = Assets.xcassets; sourceTree = "<group>"; };
		3022D6CC20FC001D005BF1C3 /* Base */ = {isa = PBXFileReference; lastKnownFileType = file.storyboard; name = Base; path = Base.lproj/LaunchScreen.storyboard; sourceTree = "<group>"; };
		3022D6CE20FC001D005BF1C3 /* Info.plist */ = {isa = PBXFileReference; lastKnownFileType = text.plist.xml; path = Info.plist; sourceTree = "<group>"; };
		3050094B2106B900007573CC /* DataStore.swift */ = {isa = PBXFileReference; lastKnownFileType = sourcecode.swift; path = DataStore.swift; sourceTree = "<group>"; };
		3050094D2106B934007573CC /* EmojiRating.swift */ = {isa = PBXFileReference; lastKnownFileType = sourcecode.swift; path = EmojiRating.swift; sourceTree = "<group>"; };
		3050094F2106B9BB007573CC /* EmojiViewCell.swift */ = {isa = PBXFileReference; lastKnownFileType = sourcecode.swift; path = EmojiViewCell.swift; sourceTree = "<group>"; };
		305009512106BA30007573CC /* RatingOverlayView.swift */ = {isa = PBXFileReference; lastKnownFileType = sourcecode.swift; path = RatingOverlayView.swift; sourceTree = "<group>"; };
/* End PBXFileReference section */

/* Begin PBXFrameworksBuildPhase section */
		3022D6BC20FC001B005BF1C3 /* Frameworks */ = {
			isa = PBXFrameworksBuildPhase;
			buildActionMask = 2147483647;
			files = (
			);
			runOnlyForDeploymentPostprocessing = 0;
		};
/* End PBXFrameworksBuildPhase section */

/* Begin PBXGroup section */
		3022D6B620FC001B005BF1C3 = {
			isa = PBXGroup;
			children = (
				3022D6C120FC001B005BF1C3 /* EmojiRater */,
				3022D6C020FC001B005BF1C3 /* Products */,
			);
			sourceTree = "<group>";
		};
		3022D6C020FC001B005BF1C3 /* Products */ = {
			isa = PBXGroup;
			children = (
				3022D6BF20FC001B005BF1C3 /* EmojiRater.app */,
			);
			name = Products;
			sourceTree = "<group>";
		};
		3022D6C120FC001B005BF1C3 /* EmojiRater */ = {
			isa = PBXGroup;
			children = (
				3022D6C220FC001B005BF1C3 /* AppDelegate.swift */,
				3050094D2106B934007573CC /* EmojiRating.swift */,
				3050094B2106B900007573CC /* DataStore.swift */,
				3050094F2106B9BB007573CC /* EmojiViewCell.swift */,
				305009512106BA30007573CC /* RatingOverlayView.swift */,
				3022D6C420FC001B005BF1C3 /* EmojiViewController.swift */,
				3022D6C620FC001B005BF1C3 /* Main.storyboard */,
				3022D6C920FC001D005BF1C3 /* Assets.xcassets */,
				3022D6CB20FC001D005BF1C3 /* LaunchScreen.storyboard */,
				3022D6CE20FC001D005BF1C3 /* Info.plist */,
			);
			path = EmojiRater;
			sourceTree = "<group>";
		};
/* End PBXGroup section */

/* Begin PBXNativeTarget section */
		3022D6BE20FC001B005BF1C3 /* EmojiRater */ = {
			isa = PBXNativeTarget;
			buildConfigurationList = 3022D6D120FC001D005BF1C3 /* Build configuration list for PBXNativeTarget "EmojiRater" */;
			buildPhases = (
				3022D6BB20FC001B005BF1C3 /* Sources */,
				3022D6BC20FC001B005BF1C3 /* Frameworks */,
				3022D6BD20FC001B005BF1C3 /* Resources */,
			);
			buildRules = (
			);
			dependencies = (
			);
			name = EmojiRater;
			productName = EmojiRater;
			productReference = 3022D6BF20FC001B005BF1C3 /* EmojiRater.app */;
			productType = "com.apple.product-type.application";
		};
/* End PBXNativeTarget section */

/* Begin PBXProject section */
		3022D6B720FC001B005BF1C3 /* Project object */ = {
			isa = PBXProject;
			attributes = {
				LastSwiftUpdateCheck = 1000;
				LastUpgradeCheck = 1000;
				ORGANIZATIONNAME = Facebook;
				TargetAttributes = {
					3022D6BE20FC001B005BF1C3 = {
						CreatedOnToolsVersion = 10.0;
					};
				};
			};
			buildConfigurationList = 3022D6BA20FC001B005BF1C3 /* Build configuration list for PBXProject "EmojiRater" */;
			compatibilityVersion = "Xcode 9.3";
			developmentRegion = en;
			hasScannedForEncodings = 0;
			knownRegions = (
				en,
				Base,
			);
			mainGroup = 3022D6B620FC001B005BF1C3;
			productRefGroup = 3022D6C020FC001B005BF1C3 /* Products */;
			projectDirPath = "";
			projectRoot = "";
			targets = (
				3022D6BE20FC001B005BF1C3 /* EmojiRater */,
			);
		};
/* End PBXProject section */

/* Begin PBXResourcesBuildPhase section */
		3022D6BD20FC001B005BF1C3 /* Resources */ = {
			isa = PBXResourcesBuildPhase;
			buildActionMask = 2147483647;
			files = (
				3022D6CD20FC001D005BF1C3 /* LaunchScreen.storyboard in Resources */,
				3022D6CA20FC001D005BF1C3 /* Assets.xcassets in Resources */,
				3022D6C820FC001B005BF1C3 /* Main.storyboard in Resources */,
			);
			runOnlyForDeploymentPostprocessing = 0;
		};
/* End PBXResourcesBuildPhase section */

/* Begin PBXSourcesBuildPhase section */
		3022D6BB20FC001B005BF1C3 /* Sources */ = {
			isa = PBXSourcesBuildPhase;
			buildActionMask = 2147483647;
			files = (
				305009522106BA30007573CC /* RatingOverlayView.swift in Sources */,
				3022D6C520FC001B005BF1C3 /* EmojiViewController.swift in Sources */,
				3050094E2106B934007573CC /* EmojiRating.swift in Sources */,
				305009502106B9BB007573CC /* EmojiViewCell.swift in Sources */,
				3050094C2106B900007573CC /* DataStore.swift in Sources */,
				3022D6C320FC001B005BF1C3 /* AppDelegate.swift in Sources */,
			);
			runOnlyForDeploymentPostprocessing = 0;
		};
/* End PBXSourcesBuildPhase section */

/* Begin PBXVariantGroup section */
		3022D6C620FC001B005BF1C3 /* Main.storyboard */ = {
			isa = PBXVariantGroup;
			children = (
				3022D6C720FC001B005BF1C3 /* Base */,
			);
			name = Main.storyboard;
			sourceTree = "<group>";
		};
		3022D6CB20FC001D005BF1C3 /* LaunchScreen.storyboard */ = {
			isa = PBXVariantGroup;
			children = (
				3022D6CC20FC001D005BF1C3 /* Base */,
			);
			name = LaunchScreen.storyboard;
			sourceTree = "<group>";
		};
/* End PBXVariantGroup section */

/* Begin XCBuildConfiguration section */
		3022D6CF20FC001D005BF1C3 /* Debug */ = {
			isa = XCBuildConfiguration;
			buildSettings = {
				ALWAYS_SEARCH_USER_PATHS = NO;
				CLANG_ANALYZER_NONNULL = YES;
				CLANG_ANALYZER_NUMBER_OBJECT_CONVERSION = YES_AGGRESSIVE;
				CLANG_CXX_LANGUAGE_STANDARD = "gnu++14";
				CLANG_CXX_LIBRARY = "libc++";
				CLANG_ENABLE_MODULES = YES;
				CLANG_ENABLE_OBJC_ARC = YES;
				CLANG_ENABLE_OBJC_WEAK = YES;
				CLANG_WARN_BLOCK_CAPTURE_AUTORELEASING = YES;
				CLANG_WARN_BOOL_CONVERSION = YES;
				CLANG_WARN_COMMA = YES;
				CLANG_WARN_CONSTANT_CONVERSION = YES;
				CLANG_WARN_DEPRECATED_OBJC_IMPLEMENTATIONS = YES;
				CLANG_WARN_DIRECT_OBJC_ISA_USAGE = YES_ERROR;
				CLANG_WARN_DOCUMENTATION_COMMENTS = YES;
				CLANG_WARN_EMPTY_BODY = YES;
				CLANG_WARN_ENUM_CONVERSION = YES;
				CLANG_WARN_INFINITE_RECURSION = YES;
				CLANG_WARN_INT_CONVERSION = YES;
				CLANG_WARN_NON_LITERAL_NULL_CONVERSION = YES;
				CLANG_WARN_OBJC_IMPLICIT_RETAIN_SELF = YES;
				CLANG_WARN_OBJC_LITERAL_CONVERSION = YES;
				CLANG_WARN_OBJC_ROOT_CLASS = YES_ERROR;
				CLANG_WARN_RANGE_LOOP_ANALYSIS = YES;
				CLANG_WARN_STRICT_PROTOTYPES = YES;
				CLANG_WARN_SUSPICIOUS_MOVE = YES;
				CLANG_WARN_UNGUARDED_AVAILABILITY = YES_AGGRESSIVE;
				CLANG_WARN_UNREACHABLE_CODE = YES;
				CLANG_WARN__DUPLICATE_METHOD_MATCH = YES;
				CODE_SIGN_IDENTITY = "iPhone Developer";
				COPY_PHASE_STRIP = NO;
				DEBUG_INFORMATION_FORMAT = dwarf;
				ENABLE_STRICT_OBJC_MSGSEND = YES;
				ENABLE_TESTABILITY = YES;
				GCC_C_LANGUAGE_STANDARD = gnu11;
				GCC_DYNAMIC_NO_PIC = NO;
				GCC_NO_COMMON_BLOCKS = YES;
				GCC_OPTIMIZATION_LEVEL = 0;
				GCC_PREPROCESSOR_DEFINITIONS = (
					"DEBUG=1",
					"$(inherited)",
				);
				GCC_WARN_64_TO_32_BIT_CONVERSION = YES;
				GCC_WARN_ABOUT_RETURN_TYPE = YES_ERROR;
				GCC_WARN_UNDECLARED_SELECTOR = YES;
				GCC_WARN_UNINITIALIZED_AUTOS = YES_AGGRESSIVE;
				GCC_WARN_UNUSED_FUNCTION = YES;
				GCC_WARN_UNUSED_VARIABLE = YES;
				IPHONEOS_DEPLOYMENT_TARGET = 12.0;
				MTL_ENABLE_DEBUG_INFO = INCLUDE_SOURCE;
				ONLY_ACTIVE_ARCH = YES;
				SDKROOT = iphoneos;
				SWIFT_ACTIVE_COMPILATION_CONDITIONS = DEBUG;
				SWIFT_OPTIMIZATION_LEVEL = "-Onone";
			};
			name = Debug;
		};
		3022D6D020FC001D005BF1C3 /* Release */ = {
			isa = XCBuildConfiguration;
			buildSettings = {
				ALWAYS_SEARCH_USER_PATHS = NO;
				CLANG_ANALYZER_NONNULL = YES;
				CLANG_ANALYZER_NUMBER_OBJECT_CONVERSION = YES_AGGRESSIVE;
				CLANG_CXX_LANGUAGE_STANDARD = "gnu++14";
				CLANG_CXX_LIBRARY = "libc++";
				CLANG_ENABLE_MODULES = YES;
				CLANG_ENABLE_OBJC_ARC = YES;
				CLANG_ENABLE_OBJC_WEAK = YES;
				CLANG_WARN_BLOCK_CAPTURE_AUTORELEASING = YES;
				CLANG_WARN_BOOL_CONVERSION = YES;
				CLANG_WARN_COMMA = YES;
				CLANG_WARN_CONSTANT_CONVERSION = YES;
				CLANG_WARN_DEPRECATED_OBJC_IMPLEMENTATIONS = YES;
				CLANG_WARN_DIRECT_OBJC_ISA_USAGE = YES_ERROR;
				CLANG_WARN_DOCUMENTATION_COMMENTS = YES;
				CLANG_WARN_EMPTY_BODY = YES;
				CLANG_WARN_ENUM_CONVERSION = YES;
				CLANG_WARN_INFINITE_RECURSION = YES;
				CLANG_WARN_INT_CONVERSION = YES;
				CLANG_WARN_NON_LITERAL_NULL_CONVERSION = YES;
				CLANG_WARN_OBJC_IMPLICIT_RETAIN_SELF = YES;
				CLANG_WARN_OBJC_LITERAL_CONVERSION = YES;
				CLANG_WARN_OBJC_ROOT_CLASS = YES_ERROR;
				CLANG_WARN_RANGE_LOOP_ANALYSIS = YES;
				CLANG_WARN_STRICT_PROTOTYPES = YES;
				CLANG_WARN_SUSPICIOUS_MOVE = YES;
				CLANG_WARN_UNGUARDED_AVAILABILITY = YES_AGGRESSIVE;
				CLANG_WARN_UNREACHABLE_CODE = YES;
				CLANG_WARN__DUPLICATE_METHOD_MATCH = YES;
				CODE_SIGN_IDENTITY = "iPhone Developer";
				COPY_PHASE_STRIP = NO;
				DEBUG_INFORMATION_FORMAT = "dwarf-with-dsym";
				ENABLE_NS_ASSERTIONS = NO;
				ENABLE_STRICT_OBJC_MSGSEND = YES;
				GCC_C_LANGUAGE_STANDARD = gnu11;
				GCC_NO_COMMON_BLOCKS = YES;
				GCC_WARN_64_TO_32_BIT_CONVERSION = YES;
				GCC_WARN_ABOUT_RETURN_TYPE = YES_ERROR;
				GCC_WARN_UNDECLARED_SELECTOR = YES;
				GCC_WARN_UNINITIALIZED_AUTOS = YES_AGGRESSIVE;
				GCC_WARN_UNUSED_FUNCTION = YES;
				GCC_WARN_UNUSED_VARIABLE = YES;
				IPHONEOS_DEPLOYMENT_TARGET = 12.0;
				MTL_ENABLE_DEBUG_INFO = NO;
				SDKROOT = iphoneos;
				SWIFT_COMPILATION_MODE = wholemodule;
				SWIFT_OPTIMIZATION_LEVEL = "-O";
				VALIDATE_PRODUCT = YES;
			};
			name = Release;
		};
		3022D6D220FC001D005BF1C3 /* Debug */ = {
			isa = XCBuildConfiguration;
			buildSettings = {
				ASSETCATALOG_COMPILER_APPICON_NAME = AppIcon;
				CODE_SIGN_STYLE = Automatic;
				DEVELOPMENT_TEAM = "";
				INFOPLIST_FILE = EmojiRater/Info.plist;
				LD_RUNPATH_SEARCH_PATHS = (
					"$(inherited)",
					"@executable_path/Frameworks",
				);
				PRODUCT_BUNDLE_IDENTIFIER = com.raywenderlich.EmojiRater;
				PRODUCT_NAME = "$(TARGET_NAME)";
				SWIFT_VERSION = 4.2;
				TARGETED_DEVICE_FAMILY = 1;
			};
			name = Debug;
		};
		3022D6D320FC001D005BF1C3 /* Release */ = {
			isa = XCBuildConfiguration;
			buildSettings = {
				ASSETCATALOG_COMPILER_APPICON_NAME = AppIcon;
				CODE_SIGN_STYLE = Automatic;
				DEVELOPMENT_TEAM = "";
				INFOPLIST_FILE = EmojiRater/Info.plist;
				LD_RUNPATH_SEARCH_PATHS = (
					"$(inherited)",
					"@executable_path/Frameworks",
				);
				PRODUCT_BUNDLE_IDENTIFIER = com.raywenderlich.EmojiRater;
				PRODUCT_NAME = "$(TARGET_NAME)";
				SWIFT_VERSION = 4.2;
				TARGETED_DEVICE_FAMILY = 1;
			};
			name = Release;
		};
/* End XCBuildConfiguration section */

/* Begin XCConfigurationList section */
		3022D6BA20FC001B005BF1C3 /* Build configuration list for PBXProject "EmojiRater" */ = {
			isa = XCConfigurationList;
			buildConfigurations = (
				3022D6CF20FC001D005BF1C3 /* Debug */,
				3022D6D020FC001D005BF1C3 /* Release */,
			);
			defaultConfigurationIsVisible = 0;
			defaultConfigurationName = Release;
		};
		3022D6D120FC001D005BF1C3 /* Build configuration list for PBXNativeTarget "EmojiRater" */ = {
			isa = XCConfigurationList;
			buildConfigurations = (
				3022D6D220FC001D005BF1C3 /* Debug */,
				3022D6D320FC001D005BF1C3 /* Release */,
			);
			defaultConfigurationIsVisible = 0;
			defaultConfigurationName = Release;
		};
/* End XCConfigurationList section */
	};
	rootObject = 3022D6B720FC001B005BF1C3 /* Project object */;
}
